
Microsoft Visual Studio Solution File, Format Version 12.00
# Visual Studio Version 17
VisualStudioVersion = 17.4.33213.308
MinimumVisualStudioVersion = 10.0.40219.1
Project("{FAE04EC0-301F-11D3-BF4B-00C04F79EFBC}") = "game", "game.csproj", "{ED4BECE9-86AF-4238-9FB8-32F29C73DCFB}"
EndProject
Global
	GlobalSection(SolutionConfigurationPlatforms) = preSolution
		Debug|Any CPU = Debug|Any CPU
		Release|Any CPU = Release|Any CPU
	EndGlobalSection
	GlobalSection(ProjectConfigurationPlatforms) = postSolution
		{ED4BECE9-86AF-4238-9FB8-32F29C73DCFB}.Debug|Any CPU.ActiveCfg = Debug|Any CPU
		{ED4BECE9-86AF-4238-9FB8-32F29C73DCFB}.Debug|Any CPU.Build.0 = Debug|Any CPU
		{ED4BECE9-86AF-4238-9FB8-32F29C73DCFB}.Release|Any CPU.ActiveCfg = Release|Any CPU
		{ED4BECE9-86AF-4238-9FB8-32F29C73DCFB}.Release|Any CPU.Build.0 = Release|Any CPU
	EndGlobalSection
	GlobalSection(SolutionProperties) = preSolution
		HideSolutionNode = FALSE
	EndGlobalSection
	GlobalSection(ExtensibilityGlobals) = postSolution
		SolutionGuid = {01ACAB7B-54DB-4961-9B50-7E3B87CE09A8}
	EndGlobalSection
EndGlobal
